// !$*UTF8*$!
{
	archiveVersion = 1;
	classes = {
	};
	objectVersion = 46;
	objects = {

/* Begin PBXBuildFile section */
		910A53D41ABBE9E500463826 /* TACColorTableView.m in Sources */ = {isa = PBXBuildFile; fileRef = 910A53CE1ABBE9E500463826 /* TACColorTableView.m */; };
		910A53D51ABBE9E500463826 /* TACColorTableViewCell.m in Sources */ = {isa = PBXBuildFile; fileRef = 910A53D01ABBE9E500463826 /* TACColorTableViewCell.m */; };
		910A53D61ABBE9E500463826 /* TACColorTableViewCell.xib in Resources */ = {isa = PBXBuildFile; fileRef = 910A53D11ABBE9E500463826 /* TACColorTableViewCell.xib */; };
		910A53D71ABBE9E500463826 /* TACMetaColorTableViewCell.m in Sources */ = {isa = PBXBuildFile; fileRef = 910A53D31ABBE9E500463826 /* TACMetaColorTableViewCell.m */; };
		91233E321ABBD861006D6B02 /* main.m in Sources */ = {isa = PBXBuildFile; fileRef = 91233E311ABBD861006D6B02 /* main.m */; };
		91233E3B1ABBD861006D6B02 /* Main.storyboard in Resources */ = {isa = PBXBuildFile; fileRef = 91233E391ABBD861006D6B02 /* Main.storyboard */; };
		91233E3D1ABBD861006D6B02 /* Images.xcassets in Resources */ = {isa = PBXBuildFile; fileRef = 91233E3C1ABBD861006D6B02 /* Images.xcassets */; };
		91233E401ABBD861006D6B02 /* LaunchScreen.xib in Resources */ = {isa = PBXBuildFile; fileRef = 91233E3E1ABBD861006D6B02 /* LaunchScreen.xib */; };
		91233E4C1ABBD861006D6B02 /* TACColorTableViewExampleTests.m in Sources */ = {isa = PBXBuildFile; fileRef = 91233E4B1ABBD861006D6B02 /* TACColorTableViewExampleTests.m */; };
		91B0AC561ABBD89300814440 /* AppDelegate.m in Sources */ = {isa = PBXBuildFile; fileRef = 91B0AC531ABBD89300814440 /* AppDelegate.m */; };
		91B0AC571ABBD89300814440 /* ViewController.m in Sources */ = {isa = PBXBuildFile; fileRef = 91B0AC551ABBD89300814440 /* ViewController.m */; };
		91DF1F2F1ABC0BD900113D12 /* TACColorData.m in Sources */ = {isa = PBXBuildFile; fileRef = 91DF1F2E1ABC0BD900113D12 /* TACColorData.m */; };
/* End PBXBuildFile section */

/* Begin PBXContainerItemProxy section */
		91233E461ABBD861006D6B02 /* PBXContainerItemProxy */ = {
			isa = PBXContainerItemProxy;
			containerPortal = 91233E241ABBD861006D6B02 /* Project object */;
			proxyType = 1;
			remoteGlobalIDString = 91233E2B1ABBD861006D6B02;
			remoteInfo = TACColorTableViewExample;
		};
/* End PBXContainerItemProxy section */

/* Begin PBXFileReference section */
		910A53CD1ABBE9E500463826 /* TACColorTableView.h */ = {isa = PBXFileReference; fileEncoding = 4; lastKnownFileType = sourcecode.c.h; path = TACColorTableView.h; sourceTree = "<group>"; };
		910A53CE1ABBE9E500463826 /* TACColorTableView.m */ = {isa = PBXFileReference; fileEncoding = 4; lastKnownFileType = sourcecode.c.objc; path = TACColorTableView.m; sourceTree = "<group>"; };
		910A53CF1ABBE9E500463826 /* TACColorTableViewCell.h */ = {isa = PBXFileReference; fileEncoding = 4; lastKnownFileType = sourcecode.c.h; path = TACColorTableViewCell.h; sourceTree = "<group>"; };
		910A53D01ABBE9E500463826 /* TACColorTableViewCell.m */ = {isa = PBXFileReference; fileEncoding = 4; lastKnownFileType = sourcecode.c.objc; path = TACColorTableViewCell.m; sourceTree = "<group>"; };
		910A53D11ABBE9E500463826 /* TACColorTableViewCell.xib */ = {isa = PBXFileReference; fileEncoding = 4; lastKnownFileType = file.xib; path = TACColorTableViewCell.xib; sourceTree = "<group>"; };
		910A53D21ABBE9E500463826 /* TACMetaColorTableViewCell.h */ = {isa = PBXFileReference; fileEncoding = 4; lastKnownFileType = sourcecode.c.h; path = TACMetaColorTableViewCell.h; sourceTree = "<group>"; };
		910A53D31ABBE9E500463826 /* TACMetaColorTableViewCell.m */ = {isa = PBXFileReference; fileEncoding = 4; lastKnownFileType = sourcecode.c.objc; path = TACMetaColorTableViewCell.m; sourceTree = "<group>"; };
		91233E2C1ABBD861006D6B02 /* TACColorTableViewExample.app */ = {isa = PBXFileReference; explicitFileType = wrapper.application; includeInIndex = 0; path = TACColorTableViewExample.app; sourceTree = BUILT_PRODUCTS_DIR; };
		91233E301ABBD861006D6B02 /* Info.plist */ = {isa = PBXFileReference; lastKnownFileType = text.plist.xml; path = Info.plist; sourceTree = "<group>"; };
		91233E311ABBD861006D6B02 /* main.m */ = {isa = PBXFileReference; lastKnownFileType = sourcecode.c.objc; path = main.m; sourceTree = "<group>"; };
		91233E3A1ABBD861006D6B02 /* Base */ = {isa = PBXFileReference; lastKnownFileType = file.storyboard; name = Base; path = Base.lproj/Main.storyboard; sourceTree = "<group>"; };
		91233E3C1ABBD861006D6B02 /* Images.xcassets */ = {isa = PBXFileReference; lastKnownFileType = folder.assetcatalog; path = Images.xcassets; sourceTree = "<group>"; };
		91233E3F1ABBD861006D6B02 /* Base */ = {isa = PBXFileReference; lastKnownFileType = file.xib; name = Base; path = Base.lproj/LaunchScreen.xib; sourceTree = "<group>"; };
		91233E451ABBD861006D6B02 /* TACColorTableViewExampleTests.xctest */ = {isa = PBXFileReference; explicitFileType = wrapper.cfbundle; includeInIndex = 0; path = TACColorTableViewExampleTests.xctest; sourceTree = BUILT_PRODUCTS_DIR; };
		91233E4A1ABBD861006D6B02 /* Info.plist */ = {isa = PBXFileReference; lastKnownFileType = text.plist.xml; path = Info.plist; sourceTree = "<group>"; };
		91233E4B1ABBD861006D6B02 /* TACColorTableViewExampleTests.m */ = {isa = PBXFileReference; lastKnownFileType = sourcecode.c.objc; path = TACColorTableViewExampleTests.m; sourceTree = "<group>"; };
		91B0AC521ABBD89300814440 /* AppDelegate.h */ = {isa = PBXFileReference; fileEncoding = 4; lastKnownFileType = sourcecode.c.h; name = AppDelegate.h; path = Classes/AppDelegate.h; sourceTree = "<group>"; };
		91B0AC531ABBD89300814440 /* AppDelegate.m */ = {isa = PBXFileReference; fileEncoding = 4; lastKnownFileType = sourcecode.c.objc; name = AppDelegate.m; path = Classes/AppDelegate.m; sourceTree = "<group>"; };
		91B0AC541ABBD89300814440 /* ViewController.h */ = {isa = PBXFileReference; fileEncoding = 4; lastKnownFileType = sourcecode.c.h; name = ViewController.h; path = Classes/ViewController.h; sourceTree = "<group>"; };
		91B0AC551ABBD89300814440 /* ViewController.m */ = {isa = PBXFileReference; fileEncoding = 4; lastKnownFileType = sourcecode.c.objc; name = ViewController.m; path = Classes/ViewController.m; sourceTree = "<group>"; };
		91DF1F2D1ABC0BD900113D12 /* TACColorData.h */ = {isa = PBXFileReference; fileEncoding = 4; lastKnownFileType = sourcecode.c.h; path = TACColorData.h; sourceTree = "<group>"; };
		91DF1F2E1ABC0BD900113D12 /* TACColorData.m */ = {isa = PBXFileReference; fileEncoding = 4; lastKnownFileType = sourcecode.c.objc; path = TACColorData.m; sourceTree = "<group>"; };
/* End PBXFileReference section */

/* Begin PBXFrameworksBuildPhase section */
		91233E291ABBD861006D6B02 /* Frameworks */ = {
			isa = PBXFrameworksBuildPhase;
			buildActionMask = 2147483647;
			files = (
			);
			runOnlyForDeploymentPostprocessing = 0;
		};
		91233E421ABBD861006D6B02 /* Frameworks */ = {
			isa = PBXFrameworksBuildPhase;
			buildActionMask = 2147483647;
			files = (
			);
			runOnlyForDeploymentPostprocessing = 0;
		};
/* End PBXFrameworksBuildPhase section */

/* Begin PBXGroup section */
		910A53CA1ABBE9A800463826 /* Library */ = {
			isa = PBXGroup;
			children = (
				910A53CB1ABBE9E500463826 /* TACColorTableView */,
			);
			name = Library;
			sourceTree = "<group>";
		};
		910A53CB1ABBE9E500463826 /* TACColorTableView */ = {
			isa = PBXGroup;
			children = (
				910A53CC1ABBE9E500463826 /* Classes */,
			);
			name = TACColorTableView;
			path = ../TACColorTableView;
			sourceTree = "<group>";
		};
		910A53CC1ABBE9E500463826 /* Classes */ = {
			isa = PBXGroup;
			children = (
				91DF1F2D1ABC0BD900113D12 /* TACColorData.h */,
				91DF1F2E1ABC0BD900113D12 /* TACColorData.m */,
				910A53D21ABBE9E500463826 /* TACMetaColorTableViewCell.h */,
				910A53D31ABBE9E500463826 /* TACMetaColorTableViewCell.m */,
				910A53CD1ABBE9E500463826 /* TACColorTableView.h */,
				910A53CE1ABBE9E500463826 /* TACColorTableView.m */,
				910A53CF1ABBE9E500463826 /* TACColorTableViewCell.h */,
				910A53D01ABBE9E500463826 /* TACColorTableViewCell.m */,
				910A53D11ABBE9E500463826 /* TACColorTableViewCell.xib */,
			);
			path = Classes;
			sourceTree = "<group>";
		};
		91233E231ABBD861006D6B02 = {
			isa = PBXGroup;
			children = (
				91233E2E1ABBD861006D6B02 /* TACColorTableViewExample */,
				91233E481ABBD861006D6B02 /* TACColorTableViewExampleTests */,
				910A53CA1ABBE9A800463826 /* Library */,
				91233E2D1ABBD861006D6B02 /* Products */,
			);
			sourceTree = "<group>";
		};
		91233E2D1ABBD861006D6B02 /* Products */ = {
			isa = PBXGroup;
			children = (
				91233E2C1ABBD861006D6B02 /* TACColorTableViewExample.app */,
				91233E451ABBD861006D6B02 /* TACColorTableViewExampleTests.xctest */,
			);
			name = Products;
			sourceTree = "<group>";
		};
		91233E2E1ABBD861006D6B02 /* TACColorTableViewExample */ = {
			isa = PBXGroup;
			children = (
				91B0AC521ABBD89300814440 /* AppDelegate.h */,
				91B0AC531ABBD89300814440 /* AppDelegate.m */,
				91B0AC541ABBD89300814440 /* ViewController.h */,
				91B0AC551ABBD89300814440 /* ViewController.m */,
				91233E391ABBD861006D6B02 /* Main.storyboard */,
				91233E3C1ABBD861006D6B02 /* Images.xcassets */,
				91233E3E1ABBD861006D6B02 /* LaunchScreen.xib */,
				91233E2F1ABBD861006D6B02 /* Supporting Files */,
			);
			path = TACColorTableViewExample;
			sourceTree = "<group>";
		};
		91233E2F1ABBD861006D6B02 /* Supporting Files */ = {
			isa = PBXGroup;
			children = (
				91233E301ABBD861006D6B02 /* Info.plist */,
				91233E311ABBD861006D6B02 /* main.m */,
			);
			name = "Supporting Files";
			sourceTree = "<group>";
		};
		91233E481ABBD861006D6B02 /* TACColorTableViewExampleTests */ = {
			isa = PBXGroup;
			children = (
				91233E4B1ABBD861006D6B02 /* TACColorTableViewExampleTests.m */,
				91233E491ABBD861006D6B02 /* Supporting Files */,
			);
			path = TACColorTableViewExampleTests;
			sourceTree = "<group>";
		};
		91233E491ABBD861006D6B02 /* Supporting Files */ = {
			isa = PBXGroup;
			children = (
				91233E4A1ABBD861006D6B02 /* Info.plist */,
			);
			name = "Supporting Files";
			sourceTree = "<group>";
		};
/* End PBXGroup section */

/* Begin PBXNativeTarget section */
		91233E2B1ABBD861006D6B02 /* TACColorTableViewExample */ = {
			isa = PBXNativeTarget;
			buildConfigurationList = 91233E4F1ABBD861006D6B02 /* Build configuration list for PBXNativeTarget "TACColorTableViewExample" */;
			buildPhases = (
				91233E281ABBD861006D6B02 /* Sources */,
				91233E291ABBD861006D6B02 /* Frameworks */,
				91233E2A1ABBD861006D6B02 /* Resources */,
			);
			buildRules = (
			);
			dependencies = (
			);
			name = TACColorTableViewExample;
			productName = TACColorTableViewExample;
			productReference = 91233E2C1ABBD861006D6B02 /* TACColorTableViewExample.app */;
			productType = "com.apple.product-type.application";
		};
		91233E441ABBD861006D6B02 /* TACColorTableViewExampleTests */ = {
			isa = PBXNativeTarget;
			buildConfigurationList = 91233E521ABBD861006D6B02 /* Build configuration list for PBXNativeTarget "TACColorTableViewExampleTests" */;
			buildPhases = (
				91233E411ABBD861006D6B02 /* Sources */,
				91233E421ABBD861006D6B02 /* Frameworks */,
				91233E431ABBD861006D6B02 /* Resources */,
			);
			buildRules = (
			);
			dependencies = (
				91233E471ABBD861006D6B02 /* PBXTargetDependency */,
			);
			name = TACColorTableViewExampleTests;
			productName = TACColorTableViewExampleTests;
			productReference = 91233E451ABBD861006D6B02 /* TACColorTableViewExampleTests.xctest */;
			productType = "com.apple.product-type.bundle.unit-test";
		};
/* End PBXNativeTarget section */

/* Begin PBXProject section */
		91233E241ABBD861006D6B02 /* Project object */ = {
			isa = PBXProject;
			attributes = {
				LastUpgradeCheck = 0610;
				ORGANIZATIONNAME = "Tea and Coffee";
				TargetAttributes = {
					91233E2B1ABBD861006D6B02 = {
						CreatedOnToolsVersion = 6.1.1;
					};
					91233E441ABBD861006D6B02 = {
						CreatedOnToolsVersion = 6.1.1;
						TestTargetID = 91233E2B1ABBD861006D6B02;
					};
				};
			};
			buildConfigurationList = 91233E271ABBD861006D6B02 /* Build configuration list for PBXProject "TACColorTableViewExample" */;
			compatibilityVersion = "Xcode 3.2";
			developmentRegion = English;
			hasScannedForEncodings = 0;
			knownRegions = (
				en,
				Base,
			);
			mainGroup = 91233E231ABBD861006D6B02;
			productRefGroup = 91233E2D1ABBD861006D6B02 /* Products */;
			projectDirPath = "";
			projectRoot = "";
			targets = (
				91233E2B1ABBD861006D6B02 /* TACColorTableViewExample */,
				91233E441ABBD861006D6B02 /* TACColorTableViewExampleTests */,
			);
		};
/* End PBXProject section */

/* Begin PBXResourcesBuildPhase section */
		91233E2A1ABBD861006D6B02 /* Resources */ = {
			isa = PBXResourcesBuildPhase;
			buildActionMask = 2147483647;
			files = (
				910A53D61ABBE9E500463826 /* TACColorTableViewCell.xib in Resources */,
				91233E3B1ABBD861006D6B02 /* Main.storyboard in Resources */,
				91233E401ABBD861006D6B02 /* LaunchScreen.xib in Resources */,
				91233E3D1ABBD861006D6B02 /* Images.xcassets in Resources */,
			);
			runOnlyForDeploymentPostprocessing = 0;
		};
		91233E431ABBD861006D6B02 /* Resources */ = {
			isa = PBXResourcesBuildPhase;
			buildActionMask = 2147483647;
			files = (
			);
			runOnlyForDeploymentPostprocessing = 0;
		};
/* End PBXResourcesBuildPhase section */

/* Begin PBXSourcesBuildPhase section */
		91233E281ABBD861006D6B02 /* Sources */ = {
			isa = PBXSourcesBuildPhase;
			buildActionMask = 2147483647;
			files = (
				910A53D51ABBE9E500463826 /* TACColorTableViewCell.m in Sources */,
				910A53D41ABBE9E500463826 /* TACColorTableView.m in Sources */,
				91B0AC571ABBD89300814440 /* ViewController.m in Sources */,
				91B0AC561ABBD89300814440 /* AppDelegate.m in Sources */,
				91233E321ABBD861006D6B02 /* main.m in Sources */,
				91DF1F2F1ABC0BD900113D12 /* TACColorData.m in Sources */,
				910A53D71ABBE9E500463826 /* TACMetaColorTableViewCell.m in Sources */,
			);
			runOnlyForDeploymentPostprocessing = 0;
		};
		91233E411ABBD861006D6B02 /* Sources */ = {
			isa = PBXSourcesBuildPhase;
			buildActionMask = 2147483647;
			files = (
				91233E4C1ABBD861006D6B02 /* TACColorTableViewExampleTests.m in Sources */,
			);
			runOnlyForDeploymentPostprocessing = 0;
		};
/* End PBXSourcesBuildPhase section */

/* Begin PBXTargetDependency section */
		91233E471ABBD861006D6B02 /* PBXTargetDependency */ = {
			isa = PBXTargetDependency;
			target = 91233E2B1ABBD861006D6B02 /* TACColorTableViewExample */;
			targetProxy = 91233E461ABBD861006D6B02 /* PBXContainerItemProxy */;
		};
/* End PBXTargetDependency section */

/* Begin PBXVariantGroup section */
		91233E391ABBD861006D6B02 /* Main.storyboard */ = {
			isa = PBXVariantGroup;
			children = (
				91233E3A1ABBD861006D6B02 /* Base */,
			);
			name = Main.storyboard;
			sourceTree = "<group>";
		};
		91233E3E1ABBD861006D6B02 /* LaunchScreen.xib */ = {
			isa = PBXVariantGroup;
			children = (
				91233E3F1ABBD861006D6B02 /* Base */,
			);
			name = LaunchScreen.xib;
			sourceTree = "<group>";
		};
/* End PBXVariantGroup section */

/* Begin XCBuildConfiguration section */
		91233E4D1ABBD861006D6B02 /* Debug */ = {
			isa = XCBuildConfiguration;
			buildSettings = {
				ALWAYS_SEARCH_USER_PATHS = NO;
				CLANG_CXX_LANGUAGE_STANDARD = "gnu++0x";
				CLANG_CXX_LIBRARY = "libc++";
				CLANG_ENABLE_MODULES = YES;
				CLANG_ENABLE_OBJC_ARC = YES;
				CLANG_WARN_BOOL_CONVERSION = YES;
				CLANG_WARN_CONSTANT_CONVERSION = YES;
				CLANG_WARN_DIRECT_OBJC_ISA_USAGE = YES_ERROR;
				CLANG_WARN_EMPTY_BODY = YES;
				CLANG_WARN_ENUM_CONVERSION = YES;
				CLANG_WARN_INT_CONVERSION = YES;
				CLANG_WARN_OBJC_ROOT_CLASS = YES_ERROR;
				CLANG_WARN_UNREACHABLE_CODE = YES;
				CLANG_WARN__DUPLICATE_METHOD_MATCH = YES;
				"CODE_SIGN_IDENTITY[sdk=iphoneos*]" = "iPhone Developer";
				COPY_PHASE_STRIP = NO;
				ENABLE_STRICT_OBJC_MSGSEND = YES;
				GCC_C_LANGUAGE_STANDARD = gnu99;
				GCC_DYNAMIC_NO_PIC = NO;
				GCC_OPTIMIZATION_LEVEL = 0;
				GCC_PREPROCESSOR_DEFINITIONS = (
					"DEBUG=1",
					"$(inherited)",
				);
				GCC_SYMBOLS_PRIVATE_EXTERN = NO;
				GCC_WARN_64_TO_32_BIT_CONVERSION = YES;
				GCC_WARN_ABOUT_RETURN_TYPE = YES_ERROR;
				GCC_WARN_UNDECLARED_SELECTOR = YES;
				GCC_WARN_UNINITIALIZED_AUTOS = YES_AGGRESSIVE;
				GCC_WARN_UNUSED_FUNCTION = YES;
				GCC_WARN_UNUSED_VARIABLE = YES;
				IPHONEOS_DEPLOYMENT_TARGET = 8.1;
				MTL_ENABLE_DEBUG_INFO = YES;
				ONLY_ACTIVE_ARCH = YES;
				SDKROOT = iphoneos;
				TARGETED_DEVICE_FAMILY = "1,2";
			};
			name = Debug;
		};
		91233E4E1ABBD861006D6B02 /* Release */ = {
			isa = XCBuildConfiguration;
			buildSettings = {
				ALWAYS_SEARCH_USER_PATHS = NO;
				CLANG_CXX_LANGUAGE_STANDARD = "gnu++0x";
				CLANG_CXX_LIBRARY = "libc++";
				CLANG_ENABLE_MODULES = YES;
				CLANG_ENABLE_OBJC_ARC = YES;
				CLANG_WARN_BOOL_CONVERSION = YES;
				CLANG_WARN_CONSTANT_CONVERSION = YES;
				CLANG_WARN_DIRECT_OBJC_ISA_USAGE = YES_ERROR;
				CLANG_WARN_EMPTY_BODY = YES;
				CLANG_WARN_ENUM_CONVERSION = YES;
				CLANG_WARN_INT_CONVERSION = YES;
				CLANG_WARN_OBJC_ROOT_CLASS = YES_ERROR;
				CLANG_WARN_UNREACHABLE_CODE = YES;
				CLANG_WARN__DUPLICATE_METHOD_MATCH = YES;
				"CODE_SIGN_IDENTITY[sdk=iphoneos*]" = "iPhone Developer";
				COPY_PHASE_STRIP = YES;
				ENABLE_NS_ASSERTIONS = NO;
				ENABLE_STRICT_OBJC_MSGSEND = YES;
				GCC_C_LANGUAGE_STANDARD = gnu99;
				GCC_WARN_64_TO_32_BIT_CONVERSION = YES;
				GCC_WARN_ABOUT_RETURN_TYPE = YES_ERROR;
				GCC_WARN_UNDECLARED_SELECTOR = YES;
				GCC_WARN_UNINITIALIZED_AUTOS = YES_AGGRESSIVE;
				GCC_WARN_UNUSED_FUNCTION = YES;
				GCC_WARN_UNUSED_VARIABLE = YES;
				IPHONEOS_DEPLOYMENT_TARGET = 8.1;
				MTL_ENABLE_DEBUG_INFO = NO;
				SDKROOT = iphoneos;
				TARGETED_DEVICE_FAMILY = "1,2";
				VALIDATE_PRODUCT = YES;
			};
			name = Release;
		};
		91233E501ABBD861006D6B02 /* Debug */ = {
			isa = XCBuildConfiguration;
			buildSettings = {
				ASSETCATALOG_COMPILER_APPICON_NAME = AppIcon;
				INFOPLIST_FILE = TACColorTableViewExample/Info.plist;
				LD_RUNPATH_SEARCH_PATHS = "$(inherited) @executable_path/Frameworks";
				PRODUCT_NAME = "$(TARGET_NAME)";
			};
			name = Debug;
		};
		91233E511ABBD861006D6B02 /* Release */ = {
			isa = XCBuildConfiguration;
			buildSettings = {
				ASSETCATALOG_COMPILER_APPICON_NAME = AppIcon;
				INFOPLIST_FILE = TACColorTableViewExample/Info.plist;
				LD_RUNPATH_SEARCH_PATHS = "$(inherited) @executable_path/Frameworks";
				PRODUCT_NAME = "$(TARGET_NAME)";
			};
			name = Release;
		};
		91233E531ABBD861006D6B02 /* Debug */ = {
			isa = XCBuildConfiguration;
			buildSettings = {
				BUNDLE_LOADER = "$(TEST_HOST)";
				FRAMEWORK_SEARCH_PATHS = (
					"$(SDKROOT)/Developer/Library/Frameworks",
					"$(inherited)",
				);
				GCC_PREPROCESSOR_DEFINITIONS = (
					"DEBUG=1",
					"$(inherited)",
				);
				INFOPLIST_FILE = TACColorTableViewExampleTests/Info.plist;
				LD_RUNPATH_SEARCH_PATHS = "$(inherited) @executable_path/Frameworks @loader_path/Frameworks";
				PRODUCT_NAME = "$(TARGET_NAME)";
				TEST_HOST = "$(BUILT_PRODUCTS_DIR)/TACColorTableViewExample.app/TACColorTableViewExample";
			};
			name = Debug;
		};
		91233E541ABBD861006D6B02 /* Release */ = {
			isa = XCBuildConfiguration;
			buildSettings = {
				BUNDLE_LOADER = "$(TEST_HOST)";
				FRAMEWORK_SEARCH_PATHS = (
					"$(SDKROOT)/Developer/Library/Frameworks",
					"$(inherited)",
				);
				INFOPLIST_FILE = TACColorTableViewExampleTests/Info.plist;
				LD_RUNPATH_SEARCH_PATHS = "$(inherited) @executable_path/Frameworks @loader_path/Frameworks";
				PRODUCT_NAME = "$(TARGET_NAME)";
				TEST_HOST = "$(BUILT_PRODUCTS_DIR)/TACColorTableViewExample.app/TACColorTableViewExample";
			};
			name = Release;
		};
/* End XCBuildConfiguration section */

/* Begin XCConfigurationList section */
		91233E271ABBD861006D6B02 /* Build configuration list for PBXProject "TACColorTableViewExample" */ = {
			isa = XCConfigurationList;
			buildConfigurations = (
				91233E4D1ABBD861006D6B02 /* Debug */,
				91233E4E1ABBD861006D6B02 /* Release */,
			);
			defaultConfigurationIsVisible = 0;
			defaultConfigurationName = Release;
		};
		91233E4F1ABBD861006D6B02 /* Build configuration list for PBXNativeTarget "TACColorTableViewExample" */ = {
			isa = XCConfigurationList;
			buildConfigurations = (
				91233E501ABBD861006D6B02 /* Debug */,
				91233E511ABBD861006D6B02 /* Release */,
			);
			defaultConfigurationIsVisible = 0;
			defaultConfigurationName = Release;
		};
		91233E521ABBD861006D6B02 /* Build configuration list for PBXNativeTarget "TACColorTableViewExampleTests" */ = {
			isa = XCConfigurationList;
			buildConfigurations = (
				91233E531ABBD861006D6B02 /* Debug */,
				91233E541ABBD861006D6B02 /* Release */,
			);
			defaultConfigurationIsVisible = 0;
			defaultConfigurationName = Release;
		};
/* End XCConfigurationList section */
	};
	rootObject = 91233E241ABBD861006D6B02 /* Project object */;
}
